
Microsoft Visual Studio Solution File, Format Version 12.00
# Visual Studio Version 17
VisualStudioVersion = 17.9.34902.65
MinimumVisualStudioVersion = 10.0.40219.1
Project("{FAE04EC0-301F-11D3-BF4B-00C04F79EFBC}") = "WindowsFormsApp2", "WindowsFormsApp2\WindowsFormsApp2.csproj", "{941C2D3C-C7FF-4C77-9EC7-813A78965DAB}"
EndProject
Global
	GlobalSection(SolutionConfigurationPlatforms) = preSolution
		Debug|Any CPU = Debug|Any CPU
		Release|Any CPU = Release|Any CPU
	EndGlobalSection
	GlobalSection(ProjectConfigurationPlatforms) = postSolution
		{941C2D3C-C7FF-4C77-9EC7-813A78965DAB}.Debug|Any CPU.ActiveCfg = Debug|Any CPU
		{941C2D3C-C7FF-4C77-9EC7-813A78965DAB}.Debug|Any CPU.Build.0 = Debug|Any CPU
		{941C2D3C-C7FF-4C77-9EC7-813A78965DAB}.Release|Any CPU.ActiveCfg = Release|Any CPU
		{941C2D3C-C7FF-4C77-9EC7-813A78965DAB}.Release|Any CPU.Build.0 = Release|Any CPU
	EndGlobalSection
	GlobalSection(SolutionProperties) = preSolution
		HideSolutionNode = FALSE
	EndGlobalSection
	GlobalSection(ExtensibilityGlobals) = postSolution
		SolutionGuid = {EB50B1B0-882A-46B0-98F6-E790375B46D7}
	EndGlobalSection
EndGlobal
